<Solution>
  <Folder Name="/src/">
    <Project Path="src/WeatherApp/WeatherApp.csproj" />
    <Project Path="src/WeatherApp.Domain/WeatherApp.Domain.csproj" />
    <Project Path="src/WeatherApp.Infrastructure/WeatherApp.Infrastructure.csproj" />
  </Folder>
  <Folder Name="/tests/">
    <Project Path="tests/WeatherApp.Tests/WeatherApp.Tests.csproj" />
  </Folder>
</Solution>
